
Microsoft Visual Studio Solution File, Format Version 12.00
# Visual Studio 14
VisualStudioVersion = 14.0.25123.0
MinimumVisualStudioVersion = 10.0.40219.1
Project("{FAE04EC0-301F-11D3-BF4B-00C04F79EFBC}") = "Quiron.LojaVirtual.Dominio", "Quiron.LojaVirtual.Dominio\Quiron.LojaVirtual.Dominio.csproj", "{6C0B86C0-A425-416F-AEF6-96B77C38333F}"
EndProject
Project("{FAE04EC0-301F-11D3-BF4B-00C04F79EFBC}") = "Quiron.LojaVirtual.Web", "Quiron.LojaVirtual.Web\Quiron.LojaVirtual.Web.csproj", "{E3CCA788-5D98-4374-97E8-1C3EA490CD4C}"
EndProject
Project("{FAE04EC0-301F-11D3-BF4B-00C04F79EFBC}") = "Quiron.LojaVirtual.UnitTest", "Quiron.LojaVirtual.UnitTest\Quiron.LojaVirtual.UnitTest.csproj", "{114C7385-534A-40A2-A4B2-504BAF22A71D}"
EndProject
Global
	GlobalSection(SolutionConfigurationPlatforms) = preSolution
		Debug|Any CPU = Debug|Any CPU
		Release|Any CPU = Release|Any CPU
	EndGlobalSection
	GlobalSection(ProjectConfigurationPlatforms) = postSolution
		{6C0B86C0-A425-416F-AEF6-96B77C38333F}.Debug|Any CPU.ActiveCfg = Debug|Any CPU
		{6C0B86C0-A425-416F-AEF6-96B77C38333F}.Debug|Any CPU.Build.0 = Debug|Any CPU
		{6C0B86C0-A425-416F-AEF6-96B77C38333F}.Release|Any CPU.ActiveCfg = Release|Any CPU
		{6C0B86C0-A425-416F-AEF6-96B77C38333F}.Release|Any CPU.Build.0 = Release|Any CPU
		{E3CCA788-5D98-4374-97E8-1C3EA490CD4C}.Debug|Any CPU.ActiveCfg = Debug|Any CPU
		{E3CCA788-5D98-4374-97E8-1C3EA490CD4C}.Debug|Any CPU.Build.0 = Debug|Any CPU
		{E3CCA788-5D98-4374-97E8-1C3EA490CD4C}.Release|Any CPU.ActiveCfg = Release|Any CPU
		{E3CCA788-5D98-4374-97E8-1C3EA490CD4C}.Release|Any CPU.Build.0 = Release|Any CPU
		{114C7385-534A-40A2-A4B2-504BAF22A71D}.Debug|Any CPU.ActiveCfg = Debug|Any CPU
		{114C7385-534A-40A2-A4B2-504BAF22A71D}.Debug|Any CPU.Build.0 = Debug|Any CPU
		{114C7385-534A-40A2-A4B2-504BAF22A71D}.Release|Any CPU.ActiveCfg = Release|Any CPU
		{114C7385-534A-40A2-A4B2-504BAF22A71D}.Release|Any CPU.Build.0 = Release|Any CPU
	EndGlobalSection
	GlobalSection(SolutionProperties) = preSolution
		HideSolutionNode = FALSE
	EndGlobalSection
EndGlobal
